
Microsoft Visual Studio Solution File, Format Version 12.00
# Visual Studio 15
VisualStudioVersion = 15.0.28010.2046
MinimumVisualStudioVersion = 10.0.40219.1
Project("{FAE04EC0-301F-11D3-BF4B-00C04F79EFBC}") = "payment.api", "payment.api\payment.api.csproj", "{DECF5B28-34D3-4F6F-A6AF-A2B02DFAF933}"
EndProject
Global
	GlobalSection(SolutionConfigurationPlatforms) = preSolution
		Debug|Any CPU = Debug|Any CPU
		Release|Any CPU = Release|Any CPU
	EndGlobalSection
	GlobalSection(ProjectConfigurationPlatforms) = postSolution
		{DECF5B28-34D3-4F6F-A6AF-A2B02DFAF933}.Debug|Any CPU.ActiveCfg = Debug|Any CPU
		{DECF5B28-34D3-4F6F-A6AF-A2B02DFAF933}.Debug|Any CPU.Build.0 = Debug|Any CPU
		{DECF5B28-34D3-4F6F-A6AF-A2B02DFAF933}.Release|Any CPU.ActiveCfg = Release|Any CPU
		{DECF5B28-34D3-4F6F-A6AF-A2B02DFAF933}.Release|Any CPU.Build.0 = Release|Any CPU
	EndGlobalSection
	GlobalSection(SolutionProperties) = preSolution
		HideSolutionNode = FALSE
	EndGlobalSection
	GlobalSection(ExtensibilityGlobals) = postSolution
		SolutionGuid = {D244DB1A-2325-48CB-AC8C-8AED1B0A5320}
	EndGlobalSection
EndGlobal
